
Microsoft Visual Studio Solution File, Format Version 12.00
# Visual Studio Version 16
VisualStudioVersion = 16.0.30002.166
MinimumVisualStudioVersion = 10.0.40219.1
Project("{9A19103F-16F7-4668-BE54-9A1E7A4F7556}") = "AspNetCoreHero.Web", "AspNetCoreHero.Web\AspNetCoreHero.Web.csproj", "{03B7268C-86F8-4351-8EA8-654E1BC596AB}"
EndProject
Project("{9A19103F-16F7-4668-BE54-9A1E7A4F7556}") = "AspNetCoreHero.PublicAPI", "AspNetCoreHero.PublicAPI\AspNetCoreHero.PublicAPI.csproj", "{DFDC6CC2-9C98-4CF2-9668-36139A5ECCF4}"
EndProject
Project("{9A19103F-16F7-4668-BE54-9A1E7A4F7556}") = "AspNetCoreHero.Domain", "AspNetCoreHero.Domain\AspNetCoreHero.Domain.csproj", "{CF72131A-7F10-4293-9516-97FFDB7BD9B4}"
EndProject
Project("{9A19103F-16F7-4668-BE54-9A1E7A4F7556}") = "AspNetCoreHero.Application", "AspNetCoreHero.Application\AspNetCoreHero.Application.csproj", "{B47C00AE-2A24-46BA-BEFF-89213698A0DF}"
EndProject
Project("{2150E333-8FDC-42A3-9474-1A3956D46DE8}") = "Core", "Core", "{4F68612B-FAEF-48E1-826A-3EC63FB7709B}"
EndProject
Project("{2150E333-8FDC-42A3-9474-1A3956D46DE8}") = "Infrastructure", "Infrastructure", "{79415484-52E5-4602-A74E-15E16B1E9363}"
EndProject
Project("{2150E333-8FDC-42A3-9474-1A3956D46DE8}") = "Solution Items", "Solution Items", "{DCC5A721-23B6-4188-A637-DD111FE76203}"
	ProjectSection(SolutionItems) = preProject
		README.md = README.md
	EndProjectSection
EndProject
Project("{2150E333-8FDC-42A3-9474-1A3956D46DE8}") = "Source", "Source", "{D98D19B9-7DE0-4304-8F6C-7D54A86E2BFC}"
EndProject
Project("{9A19103F-16F7-4668-BE54-9A1E7A4F7556}") = "AspNetCoreHero.Infrastructure.Shared", "AspNetCoreHero.Infrastructure.Shared\AspNetCoreHero.Infrastructure.Shared.csproj", "{55CD808F-70D4-46B5-B5E4-1C79D4011F42}"
EndProject
Project("{2150E333-8FDC-42A3-9474-1A3956D46DE8}") = "Tests", "Tests", "{1CC56DA0-5B2D-44A1-9BC1-C7F817C510BD}"
EndProject
Project("{9A19103F-16F7-4668-BE54-9A1E7A4F7556}") = "AspNetCoreHero.Infrastructure.Persistence", "AspNetCoreHero.Infrastructure.Persistence\AspNetCoreHero.Infrastructure.Persistence.csproj", "{589A7958-C39E-49D3-9152-268F98120D5A}"
EndProject
Project("{9A19103F-16F7-4668-BE54-9A1E7A4F7556}") = "AspNetCoreHero.Hangfire", "AspNetCoreHero.Hangfire\AspNetCoreHero.Hangfire.csproj", "{8AEFB76E-5A20-48E0-AC1F-29742923F0E3}"
EndProject
Global
	GlobalSection(SolutionConfigurationPlatforms) = preSolution
		Debug|Any CPU = Debug|Any CPU
		Release|Any CPU = Release|Any CPU
	EndGlobalSection
	GlobalSection(ProjectConfigurationPlatforms) = postSolution
		{03B7268C-86F8-4351-8EA8-654E1BC596AB}.Debug|Any CPU.ActiveCfg = Debug|Any CPU
		{03B7268C-86F8-4351-8EA8-654E1BC596AB}.Debug|Any CPU.Build.0 = Debug|Any CPU
		{03B7268C-86F8-4351-8EA8-654E1BC596AB}.Release|Any CPU.ActiveCfg = Release|Any CPU
		{03B7268C-86F8-4351-8EA8-654E1BC596AB}.Release|Any CPU.Build.0 = Release|Any CPU
		{DFDC6CC2-9C98-4CF2-9668-36139A5ECCF4}.Debug|Any CPU.ActiveCfg = Debug|Any CPU
		{DFDC6CC2-9C98-4CF2-9668-36139A5ECCF4}.Debug|Any CPU.Build.0 = Debug|Any CPU
		{DFDC6CC2-9C98-4CF2-9668-36139A5ECCF4}.Release|Any CPU.ActiveCfg = Release|Any CPU
		{DFDC6CC2-9C98-4CF2-9668-36139A5ECCF4}.Release|Any CPU.Build.0 = Release|Any CPU
		{CF72131A-7F10-4293-9516-97FFDB7BD9B4}.Debug|Any CPU.ActiveCfg = Debug|Any CPU
		{CF72131A-7F10-4293-9516-97FFDB7BD9B4}.Debug|Any CPU.Build.0 = Debug|Any CPU
		{CF72131A-7F10-4293-9516-97FFDB7BD9B4}.Release|Any CPU.ActiveCfg = Release|Any CPU
		{CF72131A-7F10-4293-9516-97FFDB7BD9B4}.Release|Any CPU.Build.0 = Release|Any CPU
		{B47C00AE-2A24-46BA-BEFF-89213698A0DF}.Debug|Any CPU.ActiveCfg = Debug|Any CPU
		{B47C00AE-2A24-46BA-BEFF-89213698A0DF}.Debug|Any CPU.Build.0 = Debug|Any CPU
		{B47C00AE-2A24-46BA-BEFF-89213698A0DF}.Release|Any CPU.ActiveCfg = Release|Any CPU
		{B47C00AE-2A24-46BA-BEFF-89213698A0DF}.Release|Any CPU.Build.0 = Release|Any CPU
		{55CD808F-70D4-46B5-B5E4-1C79D4011F42}.Debug|Any CPU.ActiveCfg = Debug|Any CPU
		{55CD808F-70D4-46B5-B5E4-1C79D4011F42}.Debug|Any CPU.Build.0 = Debug|Any CPU
		{55CD808F-70D4-46B5-B5E4-1C79D4011F42}.Release|Any CPU.ActiveCfg = Release|Any CPU
		{55CD808F-70D4-46B5-B5E4-1C79D4011F42}.Release|Any CPU.Build.0 = Release|Any CPU
		{589A7958-C39E-49D3-9152-268F98120D5A}.Debug|Any CPU.ActiveCfg = Debug|Any CPU
		{589A7958-C39E-49D3-9152-268F98120D5A}.Debug|Any CPU.Build.0 = Debug|Any CPU
		{589A7958-C39E-49D3-9152-268F98120D5A}.Release|Any CPU.ActiveCfg = Release|Any CPU
		{589A7958-C39E-49D3-9152-268F98120D5A}.Release|Any CPU.Build.0 = Release|Any CPU
		{8AEFB76E-5A20-48E0-AC1F-29742923F0E3}.Debug|Any CPU.ActiveCfg = Debug|Any CPU
		{8AEFB76E-5A20-48E0-AC1F-29742923F0E3}.Debug|Any CPU.Build.0 = Debug|Any CPU
		{8AEFB76E-5A20-48E0-AC1F-29742923F0E3}.Release|Any CPU.ActiveCfg = Release|Any CPU
		{8AEFB76E-5A20-48E0-AC1F-29742923F0E3}.Release|Any CPU.Build.0 = Release|Any CPU
	EndGlobalSection
	GlobalSection(SolutionProperties) = preSolution
		HideSolutionNode = FALSE
	EndGlobalSection
	GlobalSection(NestedProjects) = preSolution
		{03B7268C-86F8-4351-8EA8-654E1BC596AB} = {D98D19B9-7DE0-4304-8F6C-7D54A86E2BFC}
		{DFDC6CC2-9C98-4CF2-9668-36139A5ECCF4} = {D98D19B9-7DE0-4304-8F6C-7D54A86E2BFC}
		{CF72131A-7F10-4293-9516-97FFDB7BD9B4} = {4F68612B-FAEF-48E1-826A-3EC63FB7709B}
		{B47C00AE-2A24-46BA-BEFF-89213698A0DF} = {4F68612B-FAEF-48E1-826A-3EC63FB7709B}
		{4F68612B-FAEF-48E1-826A-3EC63FB7709B} = {D98D19B9-7DE0-4304-8F6C-7D54A86E2BFC}
		{79415484-52E5-4602-A74E-15E16B1E9363} = {D98D19B9-7DE0-4304-8F6C-7D54A86E2BFC}
		{55CD808F-70D4-46B5-B5E4-1C79D4011F42} = {79415484-52E5-4602-A74E-15E16B1E9363}
		{589A7958-C39E-49D3-9152-268F98120D5A} = {79415484-52E5-4602-A74E-15E16B1E9363}
		{8AEFB76E-5A20-48E0-AC1F-29742923F0E3} = {D98D19B9-7DE0-4304-8F6C-7D54A86E2BFC}
	EndGlobalSection
	GlobalSection(ExtensibilityGlobals) = postSolution
		SolutionGuid = {B051C5E6-3903-45C8-8524-DB878ADA5297}
	EndGlobalSection
EndGlobal
